
Microsoft Visual Studio Solution File, Format Version 12.00
# Visual Studio Version 16
VisualStudioVersion = 16.0.29709.97
MinimumVisualStudioVersion = 10.0.40219.1
Project("{9A19103F-16F7-4668-BE54-9A1E7A4F7556}") = "gRPC.Net.BookingModule", "gRPC.Net.BookingModule\gRPC.Net.BookingModule.csproj", "{A088528C-7FB3-4E0A-B915-B5039E0221EB}"
EndProject
Project("{9A19103F-16F7-4668-BE54-9A1E7A4F7556}") = "gRPC.Net.DynamicPricing", "gRPC.Net.DynamicPricing\gRPC.Net.DynamicPricing.csproj", "{EA615E08-D6B3-4067-90B7-504DF5F6B4E1}"
EndProject
Project("{FAE04EC0-301F-11D3-BF4B-00C04F79EFBC}") = "gRPC.Net.DynamicsPricing.Console", "gRPC.Net.DynamicsPricing.Console\gRPC.Net.DynamicsPricing.Console.csproj", "{849B5804-2543-4FF2-8CDA-43D599EACF97}"
EndProject
Global
	GlobalSection(SolutionConfigurationPlatforms) = preSolution
		Debug|Any CPU = Debug|Any CPU
		Release|Any CPU = Release|Any CPU
	EndGlobalSection
	GlobalSection(ProjectConfigurationPlatforms) = postSolution
		{A088528C-7FB3-4E0A-B915-B5039E0221EB}.Debug|Any CPU.ActiveCfg = Debug|Any CPU
		{A088528C-7FB3-4E0A-B915-B5039E0221EB}.Debug|Any CPU.Build.0 = Debug|Any CPU
		{A088528C-7FB3-4E0A-B915-B5039E0221EB}.Release|Any CPU.ActiveCfg = Release|Any CPU
		{A088528C-7FB3-4E0A-B915-B5039E0221EB}.Release|Any CPU.Build.0 = Release|Any CPU
		{EA615E08-D6B3-4067-90B7-504DF5F6B4E1}.Debug|Any CPU.ActiveCfg = Debug|Any CPU
		{EA615E08-D6B3-4067-90B7-504DF5F6B4E1}.Debug|Any CPU.Build.0 = Debug|Any CPU
		{EA615E08-D6B3-4067-90B7-504DF5F6B4E1}.Release|Any CPU.ActiveCfg = Release|Any CPU
		{EA615E08-D6B3-4067-90B7-504DF5F6B4E1}.Release|Any CPU.Build.0 = Release|Any CPU
		{849B5804-2543-4FF2-8CDA-43D599EACF97}.Debug|Any CPU.ActiveCfg = Debug|Any CPU
		{849B5804-2543-4FF2-8CDA-43D599EACF97}.Debug|Any CPU.Build.0 = Debug|Any CPU
		{849B5804-2543-4FF2-8CDA-43D599EACF97}.Release|Any CPU.ActiveCfg = Release|Any CPU
		{849B5804-2543-4FF2-8CDA-43D599EACF97}.Release|Any CPU.Build.0 = Release|Any CPU
	EndGlobalSection
	GlobalSection(SolutionProperties) = preSolution
		HideSolutionNode = FALSE
	EndGlobalSection
	GlobalSection(ExtensibilityGlobals) = postSolution
		SolutionGuid = {F77B2516-E278-457C-82B5-D0A83D5A7A03}
	EndGlobalSection
EndGlobal
